
Microsoft Visual Studio Solution File, Format Version 12.00
# Visual Studio 15
VisualStudioVersion = 15.0.27428.2005
MinimumVisualStudioVersion = 10.0.40219.1
Project("{FAE04EC0-301F-11D3-BF4B-00C04F79EFBC}") = "WebApp_Assignment2", "WebApp_Assignment2\WebApp_Assignment2.csproj", "{C2B520B8-9ABE-4534-922B-93341CBEE93B}"
EndProject
Global
	GlobalSection(SolutionConfigurationPlatforms) = preSolution
		Debug|Any CPU = Debug|Any CPU
		Release|Any CPU = Release|Any CPU
	EndGlobalSection
	GlobalSection(ProjectConfigurationPlatforms) = postSolution
		{C2B520B8-9ABE-4534-922B-93341CBEE93B}.Debug|Any CPU.ActiveCfg = Debug|Any CPU
		{C2B520B8-9ABE-4534-922B-93341CBEE93B}.Debug|Any CPU.Build.0 = Debug|Any CPU
		{C2B520B8-9ABE-4534-922B-93341CBEE93B}.Release|Any CPU.ActiveCfg = Release|Any CPU
		{C2B520B8-9ABE-4534-922B-93341CBEE93B}.Release|Any CPU.Build.0 = Release|Any CPU
	EndGlobalSection
	GlobalSection(SolutionProperties) = preSolution
		HideSolutionNode = FALSE
	EndGlobalSection
	GlobalSection(ExtensibilityGlobals) = postSolution
		SolutionGuid = {A59CE928-F95B-4EB9-A60F-299E519016A5}
	EndGlobalSection
EndGlobal
